// !$*UTF8*$!
{
	archiveVersion = 1;
	classes = {
	};
	objectVersion = 50;
	objects = {

/* Begin PBXBuildFile section */
		88A7182A20CEB04900F53F17 /* fa-regular-400.ttf in Resources */ = {isa = PBXBuildFile; fileRef = 88A7182720CEB04900F53F17 /* fa-regular-400.ttf */; };
		88A7182B20CEB04900F53F17 /* fa-brands-400.ttf in Resources */ = {isa = PBXBuildFile; fileRef = 88A7182820CEB04900F53F17 /* fa-brands-400.ttf */; };
		88A7182C20CEB04900F53F17 /* fa-solid-900.ttf in Resources */ = {isa = PBXBuildFile; fileRef = 88A7182920CEB04900F53F17 /* fa-solid-900.ttf */; };
		88C7D11B20C9234900DC3BD2 /* AppDelegate.swift in Sources */ = {isa = PBXBuildFile; fileRef = 88C7D11A20C9234900DC3BD2 /* AppDelegate.swift */; };
		88C7D11D20C9234900DC3BD2 /* MasterViewController.swift in Sources */ = {isa = PBXBuildFile; fileRef = 88C7D11C20C9234900DC3BD2 /* MasterViewController.swift */; };
		88C7D11F20C9234900DC3BD2 /* DetailViewController.swift in Sources */ = {isa = PBXBuildFile; fileRef = 88C7D11E20C9234900DC3BD2 /* DetailViewController.swift */; };
		88C7D12220C9234900DC3BD2 /* Main.storyboard in Resources */ = {isa = PBXBuildFile; fileRef = 88C7D12020C9234900DC3BD2 /* Main.storyboard */; };
		88C7D12420C9234B00DC3BD2 /* Assets.xcassets in Resources */ = {isa = PBXBuildFile; fileRef = 88C7D12320C9234B00DC3BD2 /* Assets.xcassets */; };
		88C7D12720C9234B00DC3BD2 /* LaunchScreen.storyboard in Resources */ = {isa = PBXBuildFile; fileRef = 88C7D12520C9234B00DC3BD2 /* LaunchScreen.storyboard */; };
		88C7D13220C9234B00DC3BD2 /* n_hackatonTests.swift in Sources */ = {isa = PBXBuildFile; fileRef = 88C7D13120C9234B00DC3BD2 /* n_hackatonTests.swift */; };
		88C7D13D20C9234B00DC3BD2 /* n_hackatonUITests.swift in Sources */ = {isa = PBXBuildFile; fileRef = 88C7D13C20C9234B00DC3BD2 /* n_hackatonUITests.swift */; };
/* End PBXBuildFile section */

/* Begin PBXContainerItemProxy section */
		88C7D12E20C9234B00DC3BD2 /* PBXContainerItemProxy */ = {
			isa = PBXContainerItemProxy;
			containerPortal = 88C7D10F20C9234900DC3BD2 /* Project object */;
			proxyType = 1;
			remoteGlobalIDString = 88C7D11620C9234900DC3BD2;
			remoteInfo = "n-hackaton";
		};
		88C7D13920C9234B00DC3BD2 /* PBXContainerItemProxy */ = {
			isa = PBXContainerItemProxy;
			containerPortal = 88C7D10F20C9234900DC3BD2 /* Project object */;
			proxyType = 1;
			remoteGlobalIDString = 88C7D11620C9234900DC3BD2;
			remoteInfo = "n-hackaton";
		};
/* End PBXContainerItemProxy section */

/* Begin PBXFileReference section */
		88A7182720CEB04900F53F17 /* fa-regular-400.ttf */ = {isa = PBXFileReference; lastKnownFileType = file; name = "fa-regular-400.ttf"; path = "fonts/fa-regular-400.ttf"; sourceTree = "<group>"; };
		88A7182820CEB04900F53F17 /* fa-brands-400.ttf */ = {isa = PBXFileReference; lastKnownFileType = file; name = "fa-brands-400.ttf"; path = "fonts/fa-brands-400.ttf"; sourceTree = "<group>"; };
		88A7182920CEB04900F53F17 /* fa-solid-900.ttf */ = {isa = PBXFileReference; lastKnownFileType = file; name = "fa-solid-900.ttf"; path = "fonts/fa-solid-900.ttf"; sourceTree = "<group>"; };
		88C7D11720C9234900DC3BD2 /* n-hackaton.app */ = {isa = PBXFileReference; explicitFileType = wrapper.application; includeInIndex = 0; path = "n-hackaton.app"; sourceTree = BUILT_PRODUCTS_DIR; };
		88C7D11A20C9234900DC3BD2 /* AppDelegate.swift */ = {isa = PBXFileReference; lastKnownFileType = sourcecode.swift; path = AppDelegate.swift; sourceTree = "<group>"; };
		88C7D11C20C9234900DC3BD2 /* MasterViewController.swift */ = {isa = PBXFileReference; lastKnownFileType = sourcecode.swift; path = MasterViewController.swift; sourceTree = "<group>"; };
		88C7D11E20C9234900DC3BD2 /* DetailViewController.swift */ = {isa = PBXFileReference; lastKnownFileType = sourcecode.swift; path = DetailViewController.swift; sourceTree = "<group>"; };
		88C7D12120C9234900DC3BD2 /* Base */ = {isa = PBXFileReference; lastKnownFileType = file.storyboard; name = Base; path = Base.lproj/Main.storyboard; sourceTree = "<group>"; };
		88C7D12320C9234B00DC3BD2 /* Assets.xcassets */ = {isa = PBXFileReference; lastKnownFileType = folder.assetcatalog; path = Assets.xcassets; sourceTree = "<group>"; };
		88C7D12620C9234B00DC3BD2 /* Base */ = {isa = PBXFileReference; lastKnownFileType = file.storyboard; name = Base; path = Base.lproj/LaunchScreen.storyboard; sourceTree = "<group>"; };
		88C7D12820C9234B00DC3BD2 /* Info.plist */ = {isa = PBXFileReference; lastKnownFileType = text.plist.xml; path = Info.plist; sourceTree = "<group>"; };
		88C7D12D20C9234B00DC3BD2 /* n-hackatonTests.xctest */ = {isa = PBXFileReference; explicitFileType = wrapper.cfbundle; includeInIndex = 0; path = "n-hackatonTests.xctest"; sourceTree = BUILT_PRODUCTS_DIR; };
		88C7D13120C9234B00DC3BD2 /* n_hackatonTests.swift */ = {isa = PBXFileReference; lastKnownFileType = sourcecode.swift; path = n_hackatonTests.swift; sourceTree = "<group>"; };
		88C7D13320C9234B00DC3BD2 /* Info.plist */ = {isa = PBXFileReference; lastKnownFileType = text.plist.xml; path = Info.plist; sourceTree = "<group>"; };
		88C7D13820C9234B00DC3BD2 /* n-hackatonUITests.xctest */ = {isa = PBXFileReference; explicitFileType = wrapper.cfbundle; includeInIndex = 0; path = "n-hackatonUITests.xctest"; sourceTree = BUILT_PRODUCTS_DIR; };
		88C7D13C20C9234B00DC3BD2 /* n_hackatonUITests.swift */ = {isa = PBXFileReference; lastKnownFileType = sourcecode.swift; path = n_hackatonUITests.swift; sourceTree = "<group>"; };
		88C7D13E20C9234B00DC3BD2 /* Info.plist */ = {isa = PBXFileReference; lastKnownFileType = text.plist.xml; path = Info.plist; sourceTree = "<group>"; };
/* End PBXFileReference section */

/* Begin PBXFrameworksBuildPhase section */
		88C7D11420C9234900DC3BD2 /* Frameworks */ = {
			isa = PBXFrameworksBuildPhase;
			buildActionMask = 2147483647;
			files = (
			);
			runOnlyForDeploymentPostprocessing = 0;
		};
		88C7D12A20C9234B00DC3BD2 /* Frameworks */ = {
			isa = PBXFrameworksBuildPhase;
			buildActionMask = 2147483647;
			files = (
			);
			runOnlyForDeploymentPostprocessing = 0;
		};
		88C7D13520C9234B00DC3BD2 /* Frameworks */ = {
			isa = PBXFrameworksBuildPhase;
			buildActionMask = 2147483647;
			files = (
			);
			runOnlyForDeploymentPostprocessing = 0;
		};
/* End PBXFrameworksBuildPhase section */

/* Begin PBXGroup section */
		88C7D10E20C9234900DC3BD2 = {
			isa = PBXGroup;
			children = (
				88A7182820CEB04900F53F17 /* fa-brands-400.ttf */,
				88A7182720CEB04900F53F17 /* fa-regular-400.ttf */,
				88A7182920CEB04900F53F17 /* fa-solid-900.ttf */,
				88C7D11920C9234900DC3BD2 /* n-hackaton */,
				88C7D13020C9234B00DC3BD2 /* n-hackatonTests */,
				88C7D13B20C9234B00DC3BD2 /* n-hackatonUITests */,
				88C7D11820C9234900DC3BD2 /* Products */,
			);
			sourceTree = "<group>";
		};
		88C7D11820C9234900DC3BD2 /* Products */ = {
			isa = PBXGroup;
			children = (
				88C7D11720C9234900DC3BD2 /* n-hackaton.app */,
				88C7D12D20C9234B00DC3BD2 /* n-hackatonTests.xctest */,
				88C7D13820C9234B00DC3BD2 /* n-hackatonUITests.xctest */,
			);
			name = Products;
			sourceTree = "<group>";
		};
		88C7D11920C9234900DC3BD2 /* n-hackaton */ = {
			isa = PBXGroup;
			children = (
				88C7D11A20C9234900DC3BD2 /* AppDelegate.swift */,
				88C7D11C20C9234900DC3BD2 /* MasterViewController.swift */,
				88C7D11E20C9234900DC3BD2 /* DetailViewController.swift */,
				88C7D12020C9234900DC3BD2 /* Main.storyboard */,
				88C7D12320C9234B00DC3BD2 /* Assets.xcassets */,
				88C7D12520C9234B00DC3BD2 /* LaunchScreen.storyboard */,
				88C7D12820C9234B00DC3BD2 /* Info.plist */,
			);
			path = "n-hackaton";
			sourceTree = "<group>";
		};
		88C7D13020C9234B00DC3BD2 /* n-hackatonTests */ = {
			isa = PBXGroup;
			children = (
				88C7D13120C9234B00DC3BD2 /* n_hackatonTests.swift */,
				88C7D13320C9234B00DC3BD2 /* Info.plist */,
			);
			path = "n-hackatonTests";
			sourceTree = "<group>";
		};
		88C7D13B20C9234B00DC3BD2 /* n-hackatonUITests */ = {
			isa = PBXGroup;
			children = (
				88C7D13C20C9234B00DC3BD2 /* n_hackatonUITests.swift */,
				88C7D13E20C9234B00DC3BD2 /* Info.plist */,
			);
			path = "n-hackatonUITests";
			sourceTree = "<group>";
		};
/* End PBXGroup section */

/* Begin PBXNativeTarget section */
		88C7D11620C9234900DC3BD2 /* n-hackaton */ = {
			isa = PBXNativeTarget;
			buildConfigurationList = 88C7D14120C9234B00DC3BD2 /* Build configuration list for PBXNativeTarget "n-hackaton" */;
			buildPhases = (
				88C7D11320C9234900DC3BD2 /* Sources */,
				88C7D11420C9234900DC3BD2 /* Frameworks */,
				88C7D11520C9234900DC3BD2 /* Resources */,
			);
			buildRules = (
			);
			dependencies = (
			);
			name = "n-hackaton";
			productName = "n-hackaton";
			productReference = 88C7D11720C9234900DC3BD2 /* n-hackaton.app */;
			productType = "com.apple.product-type.application";
		};
		88C7D12C20C9234B00DC3BD2 /* n-hackatonTests */ = {
			isa = PBXNativeTarget;
			buildConfigurationList = 88C7D14420C9234B00DC3BD2 /* Build configuration list for PBXNativeTarget "n-hackatonTests" */;
			buildPhases = (
				88C7D12920C9234B00DC3BD2 /* Sources */,
				88C7D12A20C9234B00DC3BD2 /* Frameworks */,
				88C7D12B20C9234B00DC3BD2 /* Resources */,
			);
			buildRules = (
			);
			dependencies = (
				88C7D12F20C9234B00DC3BD2 /* PBXTargetDependency */,
			);
			name = "n-hackatonTests";
			productName = "n-hackatonTests";
			productReference = 88C7D12D20C9234B00DC3BD2 /* n-hackatonTests.xctest */;
			productType = "com.apple.product-type.bundle.unit-test";
		};
		88C7D13720C9234B00DC3BD2 /* n-hackatonUITests */ = {
			isa = PBXNativeTarget;
			buildConfigurationList = 88C7D14720C9234B00DC3BD2 /* Build configuration list for PBXNativeTarget "n-hackatonUITests" */;
			buildPhases = (
				88C7D13420C9234B00DC3BD2 /* Sources */,
				88C7D13520C9234B00DC3BD2 /* Frameworks */,
				88C7D13620C9234B00DC3BD2 /* Resources */,
			);
			buildRules = (
			);
			dependencies = (
				88C7D13A20C9234B00DC3BD2 /* PBXTargetDependency */,
			);
			name = "n-hackatonUITests";
			productName = "n-hackatonUITests";
			productReference = 88C7D13820C9234B00DC3BD2 /* n-hackatonUITests.xctest */;
			productType = "com.apple.product-type.bundle.ui-testing";
		};
/* End PBXNativeTarget section */

/* Begin PBXProject section */
		88C7D10F20C9234900DC3BD2 /* Project object */ = {
			isa = PBXProject;
			attributes = {
				LastSwiftUpdateCheck = 0940;
				LastUpgradeCheck = 0940;
				ORGANIZATIONNAME = "Vladimir Amiorkov";
				TargetAttributes = {
					88C7D11620C9234900DC3BD2 = {
						CreatedOnToolsVersion = 9.4;
					};
					88C7D12C20C9234B00DC3BD2 = {
						CreatedOnToolsVersion = 9.4;
						TestTargetID = 88C7D11620C9234900DC3BD2;
					};
					88C7D13720C9234B00DC3BD2 = {
						CreatedOnToolsVersion = 9.4;
						TestTargetID = 88C7D11620C9234900DC3BD2;
					};
				};
			};
			buildConfigurationList = 88C7D11220C9234900DC3BD2 /* Build configuration list for PBXProject "n-hackaton" */;
			compatibilityVersion = "Xcode 9.3";
			developmentRegion = en;
			hasScannedForEncodings = 0;
			knownRegions = (
				en,
				Base,
			);
			mainGroup = 88C7D10E20C9234900DC3BD2;
			productRefGroup = 88C7D11820C9234900DC3BD2 /* Products */;
			projectDirPath = "";
			projectRoot = "";
			targets = (
				88C7D11620C9234900DC3BD2 /* n-hackaton */,
				88C7D12C20C9234B00DC3BD2 /* n-hackatonTests */,
				88C7D13720C9234B00DC3BD2 /* n-hackatonUITests */,
			);
		};
/* End PBXProject section */

/* Begin PBXResourcesBuildPhase section */
		88C7D11520C9234900DC3BD2 /* Resources */ = {
			isa = PBXResourcesBuildPhase;
			buildActionMask = 2147483647;
			files = (
				88C7D12720C9234B00DC3BD2 /* LaunchScreen.storyboard in Resources */,
				88A7182A20CEB04900F53F17 /* fa-regular-400.ttf in Resources */,
				88C7D12420C9234B00DC3BD2 /* Assets.xcassets in Resources */,
				88A7182C20CEB04900F53F17 /* fa-solid-900.ttf in Resources */,
				88C7D12220C9234900DC3BD2 /* Main.storyboard in Resources */,
				88A7182B20CEB04900F53F17 /* fa-brands-400.ttf in Resources */,
			);
			runOnlyForDeploymentPostprocessing = 0;
		};
		88C7D12B20C9234B00DC3BD2 /* Resources */ = {
			isa = PBXResourcesBuildPhase;
			buildActionMask = 2147483647;
			files = (
			);
			runOnlyForDeploymentPostprocessing = 0;
		};
		88C7D13620C9234B00DC3BD2 /* Resources */ = {
			isa = PBXResourcesBuildPhase;
			buildActionMask = 2147483647;
			files = (
			);
			runOnlyForDeploymentPostprocessing = 0;
		};
/* End PBXResourcesBuildPhase section */

/* Begin PBXSourcesBuildPhase section */
		88C7D11320C9234900DC3BD2 /* Sources */ = {
			isa = PBXSourcesBuildPhase;
			buildActionMask = 2147483647;
			files = (
				88C7D11F20C9234900DC3BD2 /* DetailViewController.swift in Sources */,
				88C7D11D20C9234900DC3BD2 /* MasterViewController.swift in Sources */,
				88C7D11B20C9234900DC3BD2 /* AppDelegate.swift in Sources */,
			);
			runOnlyForDeploymentPostprocessing = 0;
		};
		88C7D12920C9234B00DC3BD2 /* Sources */ = {
			isa = PBXSourcesBuildPhase;
			buildActionMask = 2147483647;
			files = (
				88C7D13220C9234B00DC3BD2 /* n_hackatonTests.swift in Sources */,
			);
			runOnlyForDeploymentPostprocessing = 0;
		};
		88C7D13420C9234B00DC3BD2 /* Sources */ = {
			isa = PBXSourcesBuildPhase;
			buildActionMask = 2147483647;
			files = (
				88C7D13D20C9234B00DC3BD2 /* n_hackatonUITests.swift in Sources */,
			);
			runOnlyForDeploymentPostprocessing = 0;
		};
/* End PBXSourcesBuildPhase section */

/* Begin PBXTargetDependency section */
		88C7D12F20C9234B00DC3BD2 /* PBXTargetDependency */ = {
			isa = PBXTargetDependency;
			target = 88C7D11620C9234900DC3BD2 /* n-hackaton */;
			targetProxy = 88C7D12E20C9234B00DC3BD2 /* PBXContainerItemProxy */;
		};
		88C7D13A20C9234B00DC3BD2 /* PBXTargetDependency */ = {
			isa = PBXTargetDependency;
			target = 88C7D11620C9234900DC3BD2 /* n-hackaton */;
			targetProxy = 88C7D13920C9234B00DC3BD2 /* PBXContainerItemProxy */;
		};
/* End PBXTargetDependency section */

/* Begin PBXVariantGroup section */
		88C7D12020C9234900DC3BD2 /* Main.storyboard */ = {
			isa = PBXVariantGroup;
			children = (
				88C7D12120C9234900DC3BD2 /* Base */,
			);
			name = Main.storyboard;
			sourceTree = "<group>";
		};
		88C7D12520C9234B00DC3BD2 /* LaunchScreen.storyboard */ = {
			isa = PBXVariantGroup;
			children = (
				88C7D12620C9234B00DC3BD2 /* Base */,
			);
			name = LaunchScreen.storyboard;
			sourceTree = "<group>";
		};
/* End PBXVariantGroup section */

/* Begin XCBuildConfiguration section */
		88C7D13F20C9234B00DC3BD2 /* Debug */ = {
			isa = XCBuildConfiguration;
			buildSettings = {
				ALWAYS_SEARCH_USER_PATHS = NO;
				CLANG_ANALYZER_NONNULL = YES;
				CLANG_ANALYZER_NUMBER_OBJECT_CONVERSION = YES_AGGRESSIVE;
				CLANG_CXX_LANGUAGE_STANDARD = "gnu++14";
				CLANG_CXX_LIBRARY = "libc++";
				CLANG_ENABLE_MODULES = YES;
				CLANG_ENABLE_OBJC_ARC = YES;
				CLANG_ENABLE_OBJC_WEAK = YES;
				CLANG_WARN_BLOCK_CAPTURE_AUTORELEASING = YES;
				CLANG_WARN_BOOL_CONVERSION = YES;
				CLANG_WARN_COMMA = YES;
				CLANG_WARN_CONSTANT_CONVERSION = YES;
				CLANG_WARN_DEPRECATED_OBJC_IMPLEMENTATIONS = YES;
				CLANG_WARN_DIRECT_OBJC_ISA_USAGE = YES_ERROR;
				CLANG_WARN_DOCUMENTATION_COMMENTS = YES;
				CLANG_WARN_EMPTY_BODY = YES;
				CLANG_WARN_ENUM_CONVERSION = YES;
				CLANG_WARN_INFINITE_RECURSION = YES;
				CLANG_WARN_INT_CONVERSION = YES;
				CLANG_WARN_NON_LITERAL_NULL_CONVERSION = YES;
				CLANG_WARN_OBJC_IMPLICIT_RETAIN_SELF = YES;
				CLANG_WARN_OBJC_LITERAL_CONVERSION = YES;
				CLANG_WARN_OBJC_ROOT_CLASS = YES_ERROR;
				CLANG_WARN_RANGE_LOOP_ANALYSIS = YES;
				CLANG_WARN_STRICT_PROTOTYPES = YES;
				CLANG_WARN_SUSPICIOUS_MOVE = YES;
				CLANG_WARN_UNGUARDED_AVAILABILITY = YES_AGGRESSIVE;
				CLANG_WARN_UNREACHABLE_CODE = YES;
				CLANG_WARN__DUPLICATE_METHOD_MATCH = YES;
				CODE_SIGN_IDENTITY = "iPhone Developer";
				COPY_PHASE_STRIP = NO;
				DEBUG_INFORMATION_FORMAT = dwarf;
				ENABLE_STRICT_OBJC_MSGSEND = YES;
				ENABLE_TESTABILITY = YES;
				GCC_C_LANGUAGE_STANDARD = gnu11;
				GCC_DYNAMIC_NO_PIC = NO;
				GCC_NO_COMMON_BLOCKS = YES;
				GCC_OPTIMIZATION_LEVEL = 0;
				GCC_PREPROCESSOR_DEFINITIONS = (
					"DEBUG=1",
					"$(inherited)",
				);
				GCC_WARN_64_TO_32_BIT_CONVERSION = YES;
				GCC_WARN_ABOUT_RETURN_TYPE = YES_ERROR;
				GCC_WARN_UNDECLARED_SELECTOR = YES;
				GCC_WARN_UNINITIALIZED_AUTOS = YES_AGGRESSIVE;
				GCC_WARN_UNUSED_FUNCTION = YES;
				GCC_WARN_UNUSED_VARIABLE = YES;
				IPHONEOS_DEPLOYMENT_TARGET = 11.4;
				MTL_ENABLE_DEBUG_INFO = YES;
				ONLY_ACTIVE_ARCH = YES;
				SDKROOT = iphoneos;
				SWIFT_ACTIVE_COMPILATION_CONDITIONS = DEBUG;
				SWIFT_OPTIMIZATION_LEVEL = "-Onone";
			};
			name = Debug;
		};
		88C7D14020C9234B00DC3BD2 /* Release */ = {
			isa = XCBuildConfiguration;
			buildSettings = {
				ALWAYS_SEARCH_USER_PATHS = NO;
				CLANG_ANALYZER_NONNULL = YES;
				CLANG_ANALYZER_NUMBER_OBJECT_CONVERSION = YES_AGGRESSIVE;
				CLANG_CXX_LANGUAGE_STANDARD = "gnu++14";
				CLANG_CXX_LIBRARY = "libc++";
				CLANG_ENABLE_MODULES = YES;
				CLANG_ENABLE_OBJC_ARC = YES;
				CLANG_ENABLE_OBJC_WEAK = YES;
				CLANG_WARN_BLOCK_CAPTURE_AUTORELEASING = YES;
				CLANG_WARN_BOOL_CONVERSION = YES;
				CLANG_WARN_COMMA = YES;
				CLANG_WARN_CONSTANT_CONVERSION = YES;
				CLANG_WARN_DEPRECATED_OBJC_IMPLEMENTATIONS = YES;
				CLANG_WARN_DIRECT_OBJC_ISA_USAGE = YES_ERROR;
				CLANG_WARN_DOCUMENTATION_COMMENTS = YES;
				CLANG_WARN_EMPTY_BODY = YES;
				CLANG_WARN_ENUM_CONVERSION = YES;
				CLANG_WARN_INFINITE_RECURSION = YES;
				CLANG_WARN_INT_CONVERSION = YES;
				CLANG_WARN_NON_LITERAL_NULL_CONVERSION = YES;
				CLANG_WARN_OBJC_IMPLICIT_RETAIN_SELF = YES;
				CLANG_WARN_OBJC_LITERAL_CONVERSION = YES;
				CLANG_WARN_OBJC_ROOT_CLASS = YES_ERROR;
				CLANG_WARN_RANGE_LOOP_ANALYSIS = YES;
				CLANG_WARN_STRICT_PROTOTYPES = YES;
				CLANG_WARN_SUSPICIOUS_MOVE = YES;
				CLANG_WARN_UNGUARDED_AVAILABILITY = YES_AGGRESSIVE;
				CLANG_WARN_UNREACHABLE_CODE = YES;
				CLANG_WARN__DUPLICATE_METHOD_MATCH = YES;
				CODE_SIGN_IDENTITY = "iPhone Developer";
				COPY_PHASE_STRIP = NO;
				DEBUG_INFORMATION_FORMAT = "dwarf-with-dsym";
				ENABLE_NS_ASSERTIONS = NO;
				ENABLE_STRICT_OBJC_MSGSEND = YES;
				GCC_C_LANGUAGE_STANDARD = gnu11;
				GCC_NO_COMMON_BLOCKS = YES;
				GCC_WARN_64_TO_32_BIT_CONVERSION = YES;
				GCC_WARN_ABOUT_RETURN_TYPE = YES_ERROR;
				GCC_WARN_UNDECLARED_SELECTOR = YES;
				GCC_WARN_UNINITIALIZED_AUTOS = YES_AGGRESSIVE;
				GCC_WARN_UNUSED_FUNCTION = YES;
				GCC_WARN_UNUSED_VARIABLE = YES;
				IPHONEOS_DEPLOYMENT_TARGET = 11.4;
				MTL_ENABLE_DEBUG_INFO = NO;
				SDKROOT = iphoneos;
				SWIFT_COMPILATION_MODE = wholemodule;
				SWIFT_OPTIMIZATION_LEVEL = "-O";
				VALIDATE_PRODUCT = YES;
			};
			name = Release;
		};
		88C7D14220C9234B00DC3BD2 /* Debug */ = {
			isa = XCBuildConfiguration;
			buildSettings = {
				ASSETCATALOG_COMPILER_APPICON_NAME = AppIcon;
				CODE_SIGN_STYLE = Automatic;
				DEVELOPMENT_TEAM = 33GVV5889V;
				INFOPLIST_FILE = "n-hackaton/Info.plist";
				IPHONEOS_DEPLOYMENT_TARGET = 11.3;
				LD_RUNPATH_SEARCH_PATHS = (
					"$(inherited)",
					"@executable_path/Frameworks",
				);
				PRODUCT_BUNDLE_IDENTIFIER = "org.nativescriot.n-hackaton";
				PRODUCT_NAME = "$(TARGET_NAME)";
				SWIFT_VERSION = 4.0;
				TARGETED_DEVICE_FAMILY = "1,2";
			};
			name = Debug;
		};
		88C7D14320C9234B00DC3BD2 /* Release */ = {
			isa = XCBuildConfiguration;
			buildSettings = {
				ASSETCATALOG_COMPILER_APPICON_NAME = AppIcon;
				CODE_SIGN_STYLE = Automatic;
				DEVELOPMENT_TEAM = 33GVV5889V;
				INFOPLIST_FILE = "n-hackaton/Info.plist";
				IPHONEOS_DEPLOYMENT_TARGET = 11.3;
				LD_RUNPATH_SEARCH_PATHS = (
					"$(inherited)",
					"@executable_path/Frameworks",
				);
				PRODUCT_BUNDLE_IDENTIFIER = "org.nativescriot.n-hackaton";
				PRODUCT_NAME = "$(TARGET_NAME)";
				SWIFT_VERSION = 4.0;
				TARGETED_DEVICE_FAMILY = "1,2";
			};
			name = Release;
		};
		88C7D14520C9234B00DC3BD2 /* Debug */ = {
			isa = XCBuildConfiguration;
			buildSettings = {
				ALWAYS_EMBED_SWIFT_STANDARD_LIBRARIES = YES;
				BUNDLE_LOADER = "$(TEST_HOST)";
				CODE_SIGN_STYLE = Automatic;
				DEVELOPMENT_TEAM = 33GVV5889V;
				INFOPLIST_FILE = "n-hackatonTests/Info.plist";
				LD_RUNPATH_SEARCH_PATHS = (
					"$(inherited)",
					"@executable_path/Frameworks",
					"@loader_path/Frameworks",
				);
				PRODUCT_BUNDLE_IDENTIFIER = "org.nativescriot.n-hackatonTests";
				PRODUCT_NAME = "$(TARGET_NAME)";
				SWIFT_VERSION = 4.0;
				TARGETED_DEVICE_FAMILY = "1,2";
				TEST_HOST = "$(BUILT_PRODUCTS_DIR)/n-hackaton.app/n-hackaton";
			};
			name = Debug;
		};
		88C7D14620C9234B00DC3BD2 /* Release */ = {
			isa = XCBuildConfiguration;
			buildSettings = {
				ALWAYS_EMBED_SWIFT_STANDARD_LIBRARIES = YES;
				BUNDLE_LOADER = "$(TEST_HOST)";
				CODE_SIGN_STYLE = Automatic;
				DEVELOPMENT_TEAM = 33GVV5889V;
				INFOPLIST_FILE = "n-hackatonTests/Info.plist";
				LD_RUNPATH_SEARCH_PATHS = (
					"$(inherited)",
					"@executable_path/Frameworks",
					"@loader_path/Frameworks",
				);
				PRODUCT_BUNDLE_IDENTIFIER = "org.nativescriot.n-hackatonTests";
				PRODUCT_NAME = "$(TARGET_NAME)";
				SWIFT_VERSION = 4.0;
				TARGETED_DEVICE_FAMILY = "1,2";
				TEST_HOST = "$(BUILT_PRODUCTS_DIR)/n-hackaton.app/n-hackaton";
			};
			name = Release;
		};
		88C7D14820C9234B00DC3BD2 /* Debug */ = {
			isa = XCBuildConfiguration;
			buildSettings = {
				ALWAYS_EMBED_SWIFT_STANDARD_LIBRARIES = YES;
				CODE_SIGN_STYLE = Automatic;
				DEVELOPMENT_TEAM = 33GVV5889V;
				INFOPLIST_FILE = "n-hackatonUITests/Info.plist";
				LD_RUNPATH_SEARCH_PATHS = (
					"$(inherited)",
					"@executable_path/Frameworks",
					"@loader_path/Frameworks",
				);
				PRODUCT_BUNDLE_IDENTIFIER = "org.nativescriot.n-hackatonUITests";
				PRODUCT_NAME = "$(TARGET_NAME)";
				SWIFT_VERSION = 4.0;
				TARGETED_DEVICE_FAMILY = "1,2";
				TEST_TARGET_NAME = "n-hackaton";
			};
			name = Debug;
		};
		88C7D14920C9234B00DC3BD2 /* Release */ = {
			isa = XCBuildConfiguration;
			buildSettings = {
				ALWAYS_EMBED_SWIFT_STANDARD_LIBRARIES = YES;
				CODE_SIGN_STYLE = Automatic;
				DEVELOPMENT_TEAM = 33GVV5889V;
				INFOPLIST_FILE = "n-hackatonUITests/Info.plist";
				LD_RUNPATH_SEARCH_PATHS = (
					"$(inherited)",
					"@executable_path/Frameworks",
					"@loader_path/Frameworks",
				);
				PRODUCT_BUNDLE_IDENTIFIER = "org.nativescriot.n-hackatonUITests";
				PRODUCT_NAME = "$(TARGET_NAME)";
				SWIFT_VERSION = 4.0;
				TARGETED_DEVICE_FAMILY = "1,2";
				TEST_TARGET_NAME = "n-hackaton";
			};
			name = Release;
		};
/* End XCBuildConfiguration section */

/* Begin XCConfigurationList section */
		88C7D11220C9234900DC3BD2 /* Build configuration list for PBXProject "n-hackaton" */ = {
			isa = XCConfigurationList;
			buildConfigurations = (
				88C7D13F20C9234B00DC3BD2 /* Debug */,
				88C7D14020C9234B00DC3BD2 /* Release */,
			);
			defaultConfigurationIsVisible = 0;
			defaultConfigurationName = Release;
		};
		88C7D14120C9234B00DC3BD2 /* Build configuration list for PBXNativeTarget "n-hackaton" */ = {
			isa = XCConfigurationList;
			buildConfigurations = (
				88C7D14220C9234B00DC3BD2 /* Debug */,
				88C7D14320C9234B00DC3BD2 /* Release */,
			);
			defaultConfigurationIsVisible = 0;
			defaultConfigurationName = Release;
		};
		88C7D14420C9234B00DC3BD2 /* Build configuration list for PBXNativeTarget "n-hackatonTests" */ = {
			isa = XCConfigurationList;
			buildConfigurations = (
				88C7D14520C9234B00DC3BD2 /* Debug */,
				88C7D14620C9234B00DC3BD2 /* Release */,
			);
			defaultConfigurationIsVisible = 0;
			defaultConfigurationName = Release;
		};
		88C7D14720C9234B00DC3BD2 /* Build configuration list for PBXNativeTarget "n-hackatonUITests" */ = {
			isa = XCConfigurationList;
			buildConfigurations = (
				88C7D14820C9234B00DC3BD2 /* Debug */,
				88C7D14920C9234B00DC3BD2 /* Release */,
			);
			defaultConfigurationIsVisible = 0;
			defaultConfigurationName = Release;
		};
/* End XCConfigurationList section */
	};
	rootObject = 88C7D10F20C9234900DC3BD2 /* Project object */;
}
